
Microsoft Visual Studio Solution File, Format Version 12.00
# Visual Studio Version 17
VisualStudioVersion = 17.7.34009.444
MinimumVisualStudioVersion = 10.0.40219.1
Project("{FAE04EC0-301F-11D3-BF4B-00C04F79EFBC}") = "Reto #7 EL SOMBRERO SELECCIONADOR", "Reto #7 EL SOMBRERO SELECCIONADOR\Reto #7 EL SOMBRERO SELECCIONADOR.csproj", "{D14DDD2D-596C-4729-BEA5-7BC06DD43618}"
EndProject
Project("{FAE04EC0-301F-11D3-BF4B-00C04F79EFBC}") = "Reto #0 EL FAMOSO FIZZ BUZZ", "Reto #0 EL FAMOSO FIZZ BUZZ\Reto #0 EL FAMOSO FIZZ BUZZ.csproj", "{40CBA556-E990-47F1-9C58-8A493B2BADE6}"
EndProject
Project("{FAE04EC0-301F-11D3-BF4B-00C04F79EFBC}") = "Reto #1 EL LENGUAJE HACKER", "Reto #1 EL LENGUAJE HACKER\Reto #1 EL LENGUAJE HACKER.csproj", "{5D52ABEB-5AC8-4BB4-80CC-DF5BFBC94259}"
EndProject
Project("{FAE04EC0-301F-11D3-BF4B-00C04F79EFBC}") = "Reto #2 EL PARTIDO DE TENIS", "Reto #2 EL PARTIDO DE TENIS\Reto #2 EL PARTIDO DE TENIS.csproj", "{A26BA6BA-D1D6-4D97-9334-9C24150502F2}"
EndProject
Project("{FAE04EC0-301F-11D3-BF4B-00C04F79EFBC}") = "Reto #3 EL GENERADOR DE CONTRASEÑAS", "Reto #3 EL GENERADOR DE CONTRASEÑAS\Reto #3 EL GENERADOR DE CONTRASEÑAS.csproj", "{7F30FDEA-6CB7-4F5A-8A6F-BA005F0EE55C}"
EndProject
Project("{FAE04EC0-301F-11D3-BF4B-00C04F79EFBC}") = "Reto #4 PRIMO FIBONACCI Y PAR", "Reto #4 PRIMO FIBONACCI Y PAR\Reto #4 PRIMO FIBONACCI Y PAR.csproj", "{E5E18677-DB68-46FD-B1E3-B68E38CFC210}"
EndProject
Project("{FAE04EC0-301F-11D3-BF4B-00C04F79EFBC}") = "Reto #5 HOLA MUNDO", "Reto #5 HOLA MUNDO\Reto #5 HOLA MUNDO.csproj", "{353792A6-5F46-4B54-91A9-CF27FD7A8953}"
EndProject
Project("{FAE04EC0-301F-11D3-BF4B-00C04F79EFBC}") = "Reto #6 PIEDRA PAPEL TIJERA LAGARTO SPOCK", "Reto #6 PIEDRA PAPEL TIJERA LAGARTO SPOCK\Reto #6 PIEDRA PAPEL TIJERA LAGARTO SPOCK.csproj", "{E7C6C303-1B25-4211-B656-B013898F721C}"
EndProject
Global
	GlobalSection(SolutionConfigurationPlatforms) = preSolution
		Debug|Any CPU = Debug|Any CPU
		Release|Any CPU = Release|Any CPU
	EndGlobalSection
	GlobalSection(ProjectConfigurationPlatforms) = postSolution
		{D14DDD2D-596C-4729-BEA5-7BC06DD43618}.Debug|Any CPU.ActiveCfg = Debug|Any CPU
		{D14DDD2D-596C-4729-BEA5-7BC06DD43618}.Debug|Any CPU.Build.0 = Debug|Any CPU
		{D14DDD2D-596C-4729-BEA5-7BC06DD43618}.Release|Any CPU.ActiveCfg = Release|Any CPU
		{D14DDD2D-596C-4729-BEA5-7BC06DD43618}.Release|Any CPU.Build.0 = Release|Any CPU
		{40CBA556-E990-47F1-9C58-8A493B2BADE6}.Debug|Any CPU.ActiveCfg = Debug|Any CPU
		{40CBA556-E990-47F1-9C58-8A493B2BADE6}.Debug|Any CPU.Build.0 = Debug|Any CPU
		{40CBA556-E990-47F1-9C58-8A493B2BADE6}.Release|Any CPU.ActiveCfg = Release|Any CPU
		{40CBA556-E990-47F1-9C58-8A493B2BADE6}.Release|Any CPU.Build.0 = Release|Any CPU
		{5D52ABEB-5AC8-4BB4-80CC-DF5BFBC94259}.Debug|Any CPU.ActiveCfg = Debug|Any CPU
		{5D52ABEB-5AC8-4BB4-80CC-DF5BFBC94259}.Debug|Any CPU.Build.0 = Debug|Any CPU
		{5D52ABEB-5AC8-4BB4-80CC-DF5BFBC94259}.Release|Any CPU.ActiveCfg = Release|Any CPU
		{5D52ABEB-5AC8-4BB4-80CC-DF5BFBC94259}.Release|Any CPU.Build.0 = Release|Any CPU
		{A26BA6BA-D1D6-4D97-9334-9C24150502F2}.Debug|Any CPU.ActiveCfg = Debug|Any CPU
		{A26BA6BA-D1D6-4D97-9334-9C24150502F2}.Debug|Any CPU.Build.0 = Debug|Any CPU
		{A26BA6BA-D1D6-4D97-9334-9C24150502F2}.Release|Any CPU.ActiveCfg = Release|Any CPU
		{A26BA6BA-D1D6-4D97-9334-9C24150502F2}.Release|Any CPU.Build.0 = Release|Any CPU
		{7F30FDEA-6CB7-4F5A-8A6F-BA005F0EE55C}.Debug|Any CPU.ActiveCfg = Debug|Any CPU
		{7F30FDEA-6CB7-4F5A-8A6F-BA005F0EE55C}.Debug|Any CPU.Build.0 = Debug|Any CPU
		{7F30FDEA-6CB7-4F5A-8A6F-BA005F0EE55C}.Release|Any CPU.ActiveCfg = Release|Any CPU
		{7F30FDEA-6CB7-4F5A-8A6F-BA005F0EE55C}.Release|Any CPU.Build.0 = Release|Any CPU
		{E5E18677-DB68-46FD-B1E3-B68E38CFC210}.Debug|Any CPU.ActiveCfg = Debug|Any CPU
		{E5E18677-DB68-46FD-B1E3-B68E38CFC210}.Debug|Any CPU.Build.0 = Debug|Any CPU
		{E5E18677-DB68-46FD-B1E3-B68E38CFC210}.Release|Any CPU.ActiveCfg = Release|Any CPU
		{E5E18677-DB68-46FD-B1E3-B68E38CFC210}.Release|Any CPU.Build.0 = Release|Any CPU
		{353792A6-5F46-4B54-91A9-CF27FD7A8953}.Debug|Any CPU.ActiveCfg = Debug|Any CPU
		{353792A6-5F46-4B54-91A9-CF27FD7A8953}.Debug|Any CPU.Build.0 = Debug|Any CPU
		{353792A6-5F46-4B54-91A9-CF27FD7A8953}.Release|Any CPU.ActiveCfg = Release|Any CPU
		{353792A6-5F46-4B54-91A9-CF27FD7A8953}.Release|Any CPU.Build.0 = Release|Any CPU
		{E7C6C303-1B25-4211-B656-B013898F721C}.Debug|Any CPU.ActiveCfg = Debug|Any CPU
		{E7C6C303-1B25-4211-B656-B013898F721C}.Debug|Any CPU.Build.0 = Debug|Any CPU
		{E7C6C303-1B25-4211-B656-B013898F721C}.Release|Any CPU.ActiveCfg = Release|Any CPU
		{E7C6C303-1B25-4211-B656-B013898F721C}.Release|Any CPU.Build.0 = Release|Any CPU
	EndGlobalSection
	GlobalSection(SolutionProperties) = preSolution
		HideSolutionNode = FALSE
	EndGlobalSection
	GlobalSection(ExtensibilityGlobals) = postSolution
		SolutionGuid = {7AD7467A-8830-4800-88C9-737CFE6E5411}
	EndGlobalSection
EndGlobal
